// !$*UTF8*$!
{
	archiveVersion = 1;
	classes = {
	};
	objectVersion = 46;
	objects = {

/* Begin PBXBuildFile section */
		2C8EED9316ADBB9D00CDA41D /* Default-568h@2x.png in Resources */ = {isa = PBXBuildFile; fileRef = 2C8EED9216ADBB9D00CDA41D /* Default-568h@2x.png */; };
		5A1F607215571A10004B96F6 /* UIKit.framework in Frameworks */ = {isa = PBXBuildFile; fileRef = 5A1F607115571A10004B96F6 /* UIKit.framework */; };
		5A1F607415571A10004B96F6 /* Foundation.framework in Frameworks */ = {isa = PBXBuildFile; fileRef = 5A1F607315571A10004B96F6 /* Foundation.framework */; };
		5A1F607615571A10004B96F6 /* CoreGraphics.framework in Frameworks */ = {isa = PBXBuildFile; fileRef = 5A1F607515571A10004B96F6 /* CoreGraphics.framework */; };
		5A1F607C15571A10004B96F6 /* InfoPlist.strings in Resources */ = {isa = PBXBuildFile; fileRef = 5A1F607A15571A10004B96F6 /* InfoPlist.strings */; };
		5A1F607E15571A10004B96F6 /* main.m in Sources */ = {isa = PBXBuildFile; fileRef = 5A1F607D15571A10004B96F6 /* main.m */; };
		5A1F608215571A10004B96F6 /* MitternachtsformelAppDelegate.m in Sources */ = {isa = PBXBuildFile; fileRef = 5A1F608115571A10004B96F6 /* MitternachtsformelAppDelegate.m */; };
		5A1F608515571A10004B96F6 /* MainStoryboard.storyboard in Resources */ = {isa = PBXBuildFile; fileRef = 5A1F608315571A10004B96F6 /* MainStoryboard.storyboard */; };
		5A1F608815571A10004B96F6 /* MitternachtsformelViewController.m in Sources */ = {isa = PBXBuildFile; fileRef = 5A1F608715571A10004B96F6 /* MitternachtsformelViewController.m */; };
		5A1F609615571C5B004B96F6 /* 5b2af7493f57bb0ff40d0113763aa427.png in Resources */ = {isa = PBXBuildFile; fileRef = 5A1F609515571C5B004B96F6 /* 5b2af7493f57bb0ff40d0113763aa427.png */; };
/* End PBXBuildFile section */

/* Begin PBXFileReference section */
		2C8EED9216ADBB9D00CDA41D /* Default-568h@2x.png */ = {isa = PBXFileReference; lastKnownFileType = image.png; path = "Default-568h@2x.png"; sourceTree = "<group>"; };
		5A1F606D15571A10004B96F6 /* Mitternachtsformel.app */ = {isa = PBXFileReference; explicitFileType = wrapper.application; includeInIndex = 0; path = Mitternachtsformel.app; sourceTree = BUILT_PRODUCTS_DIR; };
		5A1F607115571A10004B96F6 /* UIKit.framework */ = {isa = PBXFileReference; lastKnownFileType = wrapper.framework; name = UIKit.framework; path = System/Library/Frameworks/UIKit.framework; sourceTree = SDKROOT; };
		5A1F607315571A10004B96F6 /* Foundation.framework */ = {isa = PBXFileReference; lastKnownFileType = wrapper.framework; name = Foundation.framework; path = System/Library/Frameworks/Foundation.framework; sourceTree = SDKROOT; };
		5A1F607515571A10004B96F6 /* CoreGraphics.framework */ = {isa = PBXFileReference; lastKnownFileType = wrapper.framework; name = CoreGraphics.framework; path = System/Library/Frameworks/CoreGraphics.framework; sourceTree = SDKROOT; };
		5A1F607915571A10004B96F6 /* Mitternachtsformel-Info.plist */ = {isa = PBXFileReference; lastKnownFileType = text.plist.xml; path = "Mitternachtsformel-Info.plist"; sourceTree = "<group>"; };
		5A1F607B15571A10004B96F6 /* en */ = {isa = PBXFileReference; lastKnownFileType = text.plist.strings; name = en; path = en.lproj/InfoPlist.strings; sourceTree = "<group>"; };
		5A1F607D15571A10004B96F6 /* main.m */ = {isa = PBXFileReference; lastKnownFileType = sourcecode.c.objc; path = main.m; sourceTree = "<group>"; };
		5A1F607F15571A10004B96F6 /* Mitternachtsformel-Prefix.pch */ = {isa = PBXFileReference; lastKnownFileType = sourcecode.c.h; path = "Mitternachtsformel-Prefix.pch"; sourceTree = "<group>"; };
		5A1F608015571A10004B96F6 /* MitternachtsformelAppDelegate.h */ = {isa = PBXFileReference; lastKnownFileType = sourcecode.c.h; path = MitternachtsformelAppDelegate.h; sourceTree = "<group>"; };
		5A1F608115571A10004B96F6 /* MitternachtsformelAppDelegate.m */ = {isa = PBXFileReference; lastKnownFileType = sourcecode.c.objc; path = MitternachtsformelAppDelegate.m; sourceTree = "<group>"; };
		5A1F608415571A10004B96F6 /* en */ = {isa = PBXFileReference; lastKnownFileType = file.storyboard; name = en; path = en.lproj/MainStoryboard.storyboard; sourceTree = "<group>"; };
		5A1F608615571A10004B96F6 /* MitternachtsformelViewController.h */ = {isa = PBXFileReference; lastKnownFileType = sourcecode.c.h; path = MitternachtsformelViewController.h; sourceTree = "<group>"; };
		5A1F608715571A10004B96F6 /* MitternachtsformelViewController.m */ = {isa = PBXFileReference; lastKnownFileType = sourcecode.c.objc; path = MitternachtsformelViewController.m; sourceTree = "<group>"; };
		5A1F609515571C5B004B96F6 /* 5b2af7493f57bb0ff40d0113763aa427.png */ = {isa = PBXFileReference; lastKnownFileType = image.png; path = 5b2af7493f57bb0ff40d0113763aa427.png; sourceTree = "<group>"; };
/* End PBXFileReference section */

/* Begin PBXFrameworksBuildPhase section */
		5A1F606A15571A10004B96F6 /* Frameworks */ = {
			isa = PBXFrameworksBuildPhase;
			buildActionMask = 2147483647;
			files = (
				5A1F607215571A10004B96F6 /* UIKit.framework in Frameworks */,
				5A1F607415571A10004B96F6 /* Foundation.framework in Frameworks */,
				5A1F607615571A10004B96F6 /* CoreGraphics.framework in Frameworks */,
			);
			runOnlyForDeploymentPostprocessing = 0;
		};
/* End PBXFrameworksBuildPhase section */

/* Begin PBXGroup section */
		5A1F606215571A10004B96F6 = {
			isa = PBXGroup;
			children = (
				2C8EED9216ADBB9D00CDA41D /* Default-568h@2x.png */,
				5A1F607715571A10004B96F6 /* Mitternachtsformel */,
				5A1F607015571A10004B96F6 /* Frameworks */,
				5A1F606E15571A10004B96F6 /* Products */,
			);
			sourceTree = "<group>";
		};
		5A1F606E15571A10004B96F6 /* Products */ = {
			isa = PBXGroup;
			children = (
				5A1F606D15571A10004B96F6 /* Mitternachtsformel.app */,
			);
			name = Products;
			sourceTree = "<group>";
		};
		5A1F607015571A10004B96F6 /* Frameworks */ = {
			isa = PBXGroup;
			children = (
				5A1F607115571A10004B96F6 /* UIKit.framework */,
				5A1F607315571A10004B96F6 /* Foundation.framework */,
				5A1F607515571A10004B96F6 /* CoreGraphics.framework */,
			);
			name = Frameworks;
			sourceTree = "<group>";
		};
		5A1F607715571A10004B96F6 /* Mitternachtsformel */ = {
			isa = PBXGroup;
			children = (
				5A1F609515571C5B004B96F6 /* 5b2af7493f57bb0ff40d0113763aa427.png */,
				5A1F608315571A10004B96F6 /* MainStoryboard.storyboard */,
				5A1F608615571A10004B96F6 /* MitternachtsformelViewController.h */,
				5A1F608715571A10004B96F6 /* MitternachtsformelViewController.m */,
				5A1F607815571A10004B96F6 /* Supporting Files */,
			);
			path = Mitternachtsformel;
			sourceTree = "<group>";
		};
		5A1F607815571A10004B96F6 /* Supporting Files */ = {
			isa = PBXGroup;
			children = (
				5A1F608015571A10004B96F6 /* MitternachtsformelAppDelegate.h */,
				5A1F608115571A10004B96F6 /* MitternachtsformelAppDelegate.m */,
				5A1F607915571A10004B96F6 /* Mitternachtsformel-Info.plist */,
				5A1F607A15571A10004B96F6 /* InfoPlist.strings */,
				5A1F607D15571A10004B96F6 /* main.m */,
				5A1F607F15571A10004B96F6 /* Mitternachtsformel-Prefix.pch */,
			);
			name = "Supporting Files";
			sourceTree = "<group>";
		};
/* End PBXGroup section */

/* Begin PBXNativeTarget section */
		5A1F606C15571A10004B96F6 /* Mitternachtsformel */ = {
			isa = PBXNativeTarget;
			buildConfigurationList = 5A1F608B15571A10004B96F6 /* Build configuration list for PBXNativeTarget "Mitternachtsformel" */;
			buildPhases = (
				5A1F606915571A10004B96F6 /* Sources */,
				5A1F606A15571A10004B96F6 /* Frameworks */,
				5A1F606B15571A10004B96F6 /* Resources */,
			);
			buildRules = (
			);
			dependencies = (
			);
			name = Mitternachtsformel;
			productName = Mitternachtsformel;
			productReference = 5A1F606D15571A10004B96F6 /* Mitternachtsformel.app */;
			productType = "com.apple.product-type.application";
		};
/* End PBXNativeTarget section */

/* Begin PBXProject section */
		5A1F606415571A10004B96F6 /* Project object */ = {
			isa = PBXProject;
			attributes = {
				CLASSPREFIX = Mitternachtsformel;
				LastUpgradeCheck = 0430;
			};
			buildConfigurationList = 5A1F606715571A10004B96F6 /* Build configuration list for PBXProject "Mitternachtsformel" */;
			compatibilityVersion = "Xcode 3.2";
			developmentRegion = English;
			hasScannedForEncodings = 0;
			knownRegions = (
				en,
			);
			mainGroup = 5A1F606215571A10004B96F6;
			productRefGroup = 5A1F606E15571A10004B96F6 /* Products */;
			projectDirPath = "";
			projectRoot = "";
			targets = (
				5A1F606C15571A10004B96F6 /* Mitternachtsformel */,
			);
		};
/* End PBXProject section */

/* Begin PBXResourcesBuildPhase section */
		5A1F606B15571A10004B96F6 /* Resources */ = {
			isa = PBXResourcesBuildPhase;
			buildActionMask = 2147483647;
			files = (
				5A1F607C15571A10004B96F6 /* InfoPlist.strings in Resources */,
				5A1F608515571A10004B96F6 /* MainStoryboard.storyboard in Resources */,
				5A1F609615571C5B004B96F6 /* 5b2af7493f57bb0ff40d0113763aa427.png in Resources */,
				2C8EED9316ADBB9D00CDA41D /* Default-568h@2x.png in Resources */,
			);
			runOnlyForDeploymentPostprocessing = 0;
		};
/* End PBXResourcesBuildPhase section */

/* Begin PBXSourcesBuildPhase section */
		5A1F606915571A10004B96F6 /* Sources */ = {
			isa = PBXSourcesBuildPhase;
			buildActionMask = 2147483647;
			files = (
				5A1F607E15571A10004B96F6 /* main.m in Sources */,
				5A1F608215571A10004B96F6 /* MitternachtsformelAppDelegate.m in Sources */,
				5A1F608815571A10004B96F6 /* MitternachtsformelViewController.m in Sources */,
			);
			runOnlyForDeploymentPostprocessing = 0;
		};
/* End PBXSourcesBuildPhase section */

/* Begin PBXVariantGroup section */
		5A1F607A15571A10004B96F6 /* InfoPlist.strings */ = {
			isa = PBXVariantGroup;
			children = (
				5A1F607B15571A10004B96F6 /* en */,
			);
			name = InfoPlist.strings;
			sourceTree = "<group>";
		};
		5A1F608315571A10004B96F6 /* MainStoryboard.storyboard */ = {
			isa = PBXVariantGroup;
			children = (
				5A1F608415571A10004B96F6 /* en */,
			);
			name = MainStoryboard.storyboard;
			sourceTree = "<group>";
		};
/* End PBXVariantGroup section */

/* Begin XCBuildConfiguration section */
		5A1F608915571A10004B96F6 /* Debug */ = {
			isa = XCBuildConfiguration;
			buildSettings = {
				ALWAYS_SEARCH_USER_PATHS = NO;
				ARCHS = "$(ARCHS_STANDARD_32_BIT)";
				CLANG_ENABLE_OBJC_ARC = YES;
				"CODE_SIGN_IDENTITY[sdk=iphoneos*]" = "iPhone Developer";
				COPY_PHASE_STRIP = NO;
				GCC_C_LANGUAGE_STANDARD = gnu99;
				GCC_DYNAMIC_NO_PIC = NO;
				GCC_OPTIMIZATION_LEVEL = 0;
				GCC_PREPROCESSOR_DEFINITIONS = (
					"DEBUG=1",
					"$(inherited)",
				);
				GCC_SYMBOLS_PRIVATE_EXTERN = NO;
				GCC_VERSION = com.apple.compilers.llvm.clang.1_0;
				GCC_WARN_ABOUT_RETURN_TYPE = YES;
				GCC_WARN_UNINITIALIZED_AUTOS = YES;
				GCC_WARN_UNUSED_VARIABLE = YES;
				IPHONEOS_DEPLOYMENT_TARGET = 5.1;
				SDKROOT = iphoneos;
			};
			name = Debug;
		};
		5A1F608A15571A10004B96F6 /* Release */ = {
			isa = XCBuildConfiguration;
			buildSettings = {
				ALWAYS_SEARCH_USER_PATHS = NO;
				ARCHS = "$(ARCHS_STANDARD_32_BIT)";
				CLANG_ENABLE_OBJC_ARC = YES;
				"CODE_SIGN_IDENTITY[sdk=iphoneos*]" = "iPhone Developer";
				COPY_PHASE_STRIP = YES;
				GCC_C_LANGUAGE_STANDARD = gnu99;
				GCC_VERSION = com.apple.compilers.llvm.clang.1_0;
				GCC_WARN_ABOUT_RETURN_TYPE = YES;
				GCC_WARN_UNINITIALIZED_AUTOS = YES;
				GCC_WARN_UNUSED_VARIABLE = YES;
				IPHONEOS_DEPLOYMENT_TARGET = 5.1;
				OTHER_CFLAGS = "-DNS_BLOCK_ASSERTIONS=1";
				SDKROOT = iphoneos;
				VALIDATE_PRODUCT = YES;
			};
			name = Release;
		};
		5A1F608C15571A10004B96F6 /* Debug */ = {
			isa = XCBuildConfiguration;
			buildSettings = {
				GCC_PRECOMPILE_PREFIX_HEADER = YES;
				GCC_PREFIX_HEADER = "Mitternachtsformel/Mitternachtsformel-Prefix.pch";
				INFOPLIST_FILE = "Mitternachtsformel/Mitternachtsformel-Info.plist";
				PRODUCT_NAME = "$(TARGET_NAME)";
				WRAPPER_EXTENSION = app;
			};
			name = Debug;
		};
		5A1F608D15571A10004B96F6 /* Release */ = {
			isa = XCBuildConfiguration;
			buildSettings = {
				GCC_PRECOMPILE_PREFIX_HEADER = YES;
				GCC_PREFIX_HEADER = "Mitternachtsformel/Mitternachtsformel-Prefix.pch";
				INFOPLIST_FILE = "Mitternachtsformel/Mitternachtsformel-Info.plist";
				PRODUCT_NAME = "$(TARGET_NAME)";
				WRAPPER_EXTENSION = app;
			};
			name = Release;
		};
/* End XCBuildConfiguration section */

/* Begin XCConfigurationList section */
		5A1F606715571A10004B96F6 /* Build configuration list for PBXProject "Mitternachtsformel" */ = {
			isa = XCConfigurationList;
			buildConfigurations = (
				5A1F608915571A10004B96F6 /* Debug */,
				5A1F608A15571A10004B96F6 /* Release */,
			);
			defaultConfigurationIsVisible = 0;
			defaultConfigurationName = Release;
		};
		5A1F608B15571A10004B96F6 /* Build configuration list for PBXNativeTarget "Mitternachtsformel" */ = {
			isa = XCConfigurationList;
			buildConfigurations = (
				5A1F608C15571A10004B96F6 /* Debug */,
				5A1F608D15571A10004B96F6 /* Release */,
			);
			defaultConfigurationIsVisible = 0;
			defaultConfigurationName = Release;
		};
/* End XCConfigurationList section */
	};
	rootObject = 5A1F606415571A10004B96F6 /* Project object */;
}
